
Microsoft Visual Studio Solution File, Format Version 12.00
# Visual Studio Version 16
VisualStudioVersion = 16.0.31702.278
MinimumVisualStudioVersion = 10.0.40219.1
Project("{FAE04EC0-301F-11D3-BF4B-00C04F79EFBC}") = "aula 2", "aula 2.csproj", "{73E05BB8-7602-4955-BD29-F06393F6AD50}"
EndProject
Global
	GlobalSection(SolutionConfigurationPlatforms) = preSolution
		Debug|Any CPU = Debug|Any CPU
		Release|Any CPU = Release|Any CPU
	EndGlobalSection
	GlobalSection(ProjectConfigurationPlatforms) = postSolution
		{73E05BB8-7602-4955-BD29-F06393F6AD50}.Debug|Any CPU.ActiveCfg = Debug|Any CPU
		{73E05BB8-7602-4955-BD29-F06393F6AD50}.Debug|Any CPU.Build.0 = Debug|Any CPU
		{73E05BB8-7602-4955-BD29-F06393F6AD50}.Release|Any CPU.ActiveCfg = Release|Any CPU
		{73E05BB8-7602-4955-BD29-F06393F6AD50}.Release|Any CPU.Build.0 = Release|Any CPU
	EndGlobalSection
	GlobalSection(SolutionProperties) = preSolution
		HideSolutionNode = FALSE
	EndGlobalSection
	GlobalSection(ExtensibilityGlobals) = postSolution
		SolutionGuid = {09FF5B78-8B02-47EB-8012-59E9E599CA38}
	EndGlobalSection
EndGlobal
